
Microsoft Visual Studio Solution File, Format Version 12.00
# Visual Studio 15
VisualStudioVersion = 15.0.28307.329
MinimumVisualStudioVersion = 10.0.40219.1
Project("{FAE04EC0-301F-11D3-BF4B-00C04F79EFBC}") = "Sender", "Sender\Sender.csproj", "{F43A22B6-A0F7-4C9F-870B-67D4E913F45D}"
EndProject
Project("{FAE04EC0-301F-11D3-BF4B-00C04F79EFBC}") = "Receiver", "Receiver\Receiver.csproj", "{B964A21A-17B5-452F-AB06-E85DB1D4CA9B}"
EndProject
Project("{FAE04EC0-301F-11D3-BF4B-00C04F79EFBC}") = "Utility", "Utility\Utility.csproj", "{FC84F606-EB91-4D18-B2FA-B718BC457044}"
EndProject
Project("{FAE04EC0-301F-11D3-BF4B-00C04F79EFBC}") = "Tests", "Tests\Tests.csproj", "{D50C41C4-72FD-4192-A6DF-9030D9D77F24}"
EndProject
Global
	GlobalSection(SolutionConfigurationPlatforms) = preSolution
		Debug|Any CPU = Debug|Any CPU
		Release|Any CPU = Release|Any CPU
	EndGlobalSection
	GlobalSection(ProjectConfigurationPlatforms) = postSolution
		{F43A22B6-A0F7-4C9F-870B-67D4E913F45D}.Debug|Any CPU.ActiveCfg = Debug|Any CPU
		{F43A22B6-A0F7-4C9F-870B-67D4E913F45D}.Debug|Any CPU.Build.0 = Debug|Any CPU
		{F43A22B6-A0F7-4C9F-870B-67D4E913F45D}.Release|Any CPU.ActiveCfg = Release|Any CPU
		{F43A22B6-A0F7-4C9F-870B-67D4E913F45D}.Release|Any CPU.Build.0 = Release|Any CPU
		{B964A21A-17B5-452F-AB06-E85DB1D4CA9B}.Debug|Any CPU.ActiveCfg = Debug|Any CPU
		{B964A21A-17B5-452F-AB06-E85DB1D4CA9B}.Debug|Any CPU.Build.0 = Debug|Any CPU
		{B964A21A-17B5-452F-AB06-E85DB1D4CA9B}.Release|Any CPU.ActiveCfg = Release|Any CPU
		{B964A21A-17B5-452F-AB06-E85DB1D4CA9B}.Release|Any CPU.Build.0 = Release|Any CPU
		{FC84F606-EB91-4D18-B2FA-B718BC457044}.Debug|Any CPU.ActiveCfg = Debug|Any CPU
		{FC84F606-EB91-4D18-B2FA-B718BC457044}.Debug|Any CPU.Build.0 = Debug|Any CPU
		{FC84F606-EB91-4D18-B2FA-B718BC457044}.Release|Any CPU.ActiveCfg = Release|Any CPU
		{FC84F606-EB91-4D18-B2FA-B718BC457044}.Release|Any CPU.Build.0 = Release|Any CPU
		{D50C41C4-72FD-4192-A6DF-9030D9D77F24}.Debug|Any CPU.ActiveCfg = Debug|Any CPU
		{D50C41C4-72FD-4192-A6DF-9030D9D77F24}.Debug|Any CPU.Build.0 = Debug|Any CPU
		{D50C41C4-72FD-4192-A6DF-9030D9D77F24}.Release|Any CPU.ActiveCfg = Release|Any CPU
		{D50C41C4-72FD-4192-A6DF-9030D9D77F24}.Release|Any CPU.Build.0 = Release|Any CPU
	EndGlobalSection
	GlobalSection(SolutionProperties) = preSolution
		HideSolutionNode = FALSE
	EndGlobalSection
	GlobalSection(ExtensibilityGlobals) = postSolution
		SolutionGuid = {C3558080-CF66-48A9-A39D-015A2F3581D8}
	EndGlobalSection
EndGlobal
